// !$*UTF8*$!
{
	archiveVersion = 1;
	classes = {
	};
	objectVersion = 50;
	objects = {

/* Begin PBXBuildFile section */
		81BCF38F25046ECE00D92FC0 /* AppDelegate.swift in Sources */ = {isa = PBXBuildFile; fileRef = 81BCF38E25046ECE00D92FC0 /* AppDelegate.swift */; };
		81BCF39125046ECE00D92FC0 /* SceneDelegate.swift in Sources */ = {isa = PBXBuildFile; fileRef = 81BCF39025046ECE00D92FC0 /* SceneDelegate.swift */; };
		81BCF39325046ECE00D92FC0 /* ViewController.swift in Sources */ = {isa = PBXBuildFile; fileRef = 81BCF39225046ECE00D92FC0 /* ViewController.swift */; };
		81BCF39625046ECE00D92FC0 /* Main.storyboard in Resources */ = {isa = PBXBuildFile; fileRef = 81BCF39425046ECE00D92FC0 /* Main.storyboard */; };
		81BCF39825046ED100D92FC0 /* Assets.xcassets in Resources */ = {isa = PBXBuildFile; fileRef = 81BCF39725046ED100D92FC0 /* Assets.xcassets */; };
		81BCF39B25046ED100D92FC0 /* LaunchScreen.storyboard in Resources */ = {isa = PBXBuildFile; fileRef = 81BCF39925046ED100D92FC0 /* LaunchScreen.storyboard */; };
		81BCF3A625046ED100D92FC0 /* GachaTests.swift in Sources */ = {isa = PBXBuildFile; fileRef = 81BCF3A525046ED100D92FC0 /* GachaTests.swift */; };
		81BCF3B125046ED100D92FC0 /* GachaUITests.swift in Sources */ = {isa = PBXBuildFile; fileRef = 81BCF3B025046ED100D92FC0 /* GachaUITests.swift */; };
		81BCF3CF2506800F00D92FC0 /* bg_blue@2x.png in Resources */ = {isa = PBXBuildFile; fileRef = 81BCF3C02506800F00D92FC0 /* bg_blue@2x.png */; };
		81BCF3D02506800F00D92FC0 /* bg_gold@2x.png in Resources */ = {isa = PBXBuildFile; fileRef = 81BCF3C12506800F00D92FC0 /* bg_gold@2x.png */; };
		81BCF3D12506800F00D92FC0 /* gacha@2x.png in Resources */ = {isa = PBXBuildFile; fileRef = 81BCF3C22506800F00D92FC0 /* gacha@2x.png */; };
		81BCF3D22506800F00D92FC0 /* bg_red@2x.png in Resources */ = {isa = PBXBuildFile; fileRef = 81BCF3C32506800F00D92FC0 /* bg_red@2x.png */; };
		81BCF3D32506800F00D92FC0 /* monster005.png in Resources */ = {isa = PBXBuildFile; fileRef = 81BCF3C52506800F00D92FC0 /* monster005.png */; };
		81BCF3D42506800F00D92FC0 /* monster010.png in Resources */ = {isa = PBXBuildFile; fileRef = 81BCF3C62506800F00D92FC0 /* monster010.png */; };
		81BCF3D52506800F00D92FC0 /* monster004.png in Resources */ = {isa = PBXBuildFile; fileRef = 81BCF3C72506800F00D92FC0 /* monster004.png */; };
		81BCF3D62506800F00D92FC0 /* monster006.png in Resources */ = {isa = PBXBuildFile; fileRef = 81BCF3C82506800F00D92FC0 /* monster006.png */; };
		81BCF3D72506800F00D92FC0 /* monster007.png in Resources */ = {isa = PBXBuildFile; fileRef = 81BCF3C92506800F00D92FC0 /* monster007.png */; };
		81BCF3D82506800F00D92FC0 /* monster003.png in Resources */ = {isa = PBXBuildFile; fileRef = 81BCF3CA2506800F00D92FC0 /* monster003.png */; };
		81BCF3D92506800F00D92FC0 /* monster002.png in Resources */ = {isa = PBXBuildFile; fileRef = 81BCF3CB2506800F00D92FC0 /* monster002.png */; };
		81BCF3DA2506800F00D92FC0 /* monster001.png in Resources */ = {isa = PBXBuildFile; fileRef = 81BCF3CC2506800F00D92FC0 /* monster001.png */; };
		81BCF3DB2506800F00D92FC0 /* monster009.png in Resources */ = {isa = PBXBuildFile; fileRef = 81BCF3CD2506800F00D92FC0 /* monster009.png */; };
		81BCF3DC2506800F00D92FC0 /* monster008.png in Resources */ = {isa = PBXBuildFile; fileRef = 81BCF3CE2506800F00D92FC0 /* monster008.png */; };
		81BCF3DE2506817F00D92FC0 /* ResultViewController.swift in Sources */ = {isa = PBXBuildFile; fileRef = 81BCF3DD2506817F00D92FC0 /* ResultViewController.swift */; };
/* End PBXBuildFile section */

/* Begin PBXContainerItemProxy section */
		81BCF3A225046ED100D92FC0 /* PBXContainerItemProxy */ = {
			isa = PBXContainerItemProxy;
			containerPortal = 81BCF38325046ECE00D92FC0 /* Project object */;
			proxyType = 1;
			remoteGlobalIDString = 81BCF38A25046ECE00D92FC0;
			remoteInfo = Gacha;
		};
		81BCF3AD25046ED100D92FC0 /* PBXContainerItemProxy */ = {
			isa = PBXContainerItemProxy;
			containerPortal = 81BCF38325046ECE00D92FC0 /* Project object */;
			proxyType = 1;
			remoteGlobalIDString = 81BCF38A25046ECE00D92FC0;
			remoteInfo = Gacha;
		};
/* End PBXContainerItemProxy section */

/* Begin PBXFileReference section */
		81BCF38B25046ECE00D92FC0 /* Gacha.app */ = {isa = PBXFileReference; explicitFileType = wrapper.application; includeInIndex = 0; path = Gacha.app; sourceTree = BUILT_PRODUCTS_DIR; };
		81BCF38E25046ECE00D92FC0 /* AppDelegate.swift */ = {isa = PBXFileReference; lastKnownFileType = sourcecode.swift; path = AppDelegate.swift; sourceTree = "<group>"; };
		81BCF39025046ECE00D92FC0 /* SceneDelegate.swift */ = {isa = PBXFileReference; lastKnownFileType = sourcecode.swift; path = SceneDelegate.swift; sourceTree = "<group>"; };
		81BCF39225046ECE00D92FC0 /* ViewController.swift */ = {isa = PBXFileReference; lastKnownFileType = sourcecode.swift; path = ViewController.swift; sourceTree = "<group>"; };
		81BCF39525046ECE00D92FC0 /* Base */ = {isa = PBXFileReference; lastKnownFileType = file.storyboard; name = Base; path = Base.lproj/Main.storyboard; sourceTree = "<group>"; };
		81BCF39725046ED100D92FC0 /* Assets.xcassets */ = {isa = PBXFileReference; lastKnownFileType = folder.assetcatalog; path = Assets.xcassets; sourceTree = "<group>"; };
		81BCF39A25046ED100D92FC0 /* Base */ = {isa = PBXFileReference; lastKnownFileType = file.storyboard; name = Base; path = Base.lproj/LaunchScreen.storyboard; sourceTree = "<group>"; };
		81BCF39C25046ED100D92FC0 /* Info.plist */ = {isa = PBXFileReference; lastKnownFileType = text.plist.xml; path = Info.plist; sourceTree = "<group>"; };
		81BCF3A125046ED100D92FC0 /* GachaTests.xctest */ = {isa = PBXFileReference; explicitFileType = wrapper.cfbundle; includeInIndex = 0; path = GachaTests.xctest; sourceTree = BUILT_PRODUCTS_DIR; };
		81BCF3A525046ED100D92FC0 /* GachaTests.swift */ = {isa = PBXFileReference; lastKnownFileType = sourcecode.swift; path = GachaTests.swift; sourceTree = "<group>"; };
		81BCF3A725046ED100D92FC0 /* Info.plist */ = {isa = PBXFileReference; lastKnownFileType = text.plist.xml; path = Info.plist; sourceTree = "<group>"; };
		81BCF3AC25046ED100D92FC0 /* GachaUITests.xctest */ = {isa = PBXFileReference; explicitFileType = wrapper.cfbundle; includeInIndex = 0; path = GachaUITests.xctest; sourceTree = BUILT_PRODUCTS_DIR; };
		81BCF3B025046ED100D92FC0 /* GachaUITests.swift */ = {isa = PBXFileReference; lastKnownFileType = sourcecode.swift; path = GachaUITests.swift; sourceTree = "<group>"; };
		81BCF3B225046ED100D92FC0 /* Info.plist */ = {isa = PBXFileReference; lastKnownFileType = text.plist.xml; path = Info.plist; sourceTree = "<group>"; };
		81BCF3C02506800F00D92FC0 /* bg_blue@2x.png */ = {isa = PBXFileReference; lastKnownFileType = image.png; path = "bg_blue@2x.png"; sourceTree = "<group>"; };
		81BCF3C12506800F00D92FC0 /* bg_gold@2x.png */ = {isa = PBXFileReference; lastKnownFileType = image.png; path = "bg_gold@2x.png"; sourceTree = "<group>"; };
		81BCF3C22506800F00D92FC0 /* gacha@2x.png */ = {isa = PBXFileReference; lastKnownFileType = image.png; path = "gacha@2x.png"; sourceTree = "<group>"; };
		81BCF3C32506800F00D92FC0 /* bg_red@2x.png */ = {isa = PBXFileReference; lastKnownFileType = image.png; path = "bg_red@2x.png"; sourceTree = "<group>"; };
		81BCF3C52506800F00D92FC0 /* monster005.png */ = {isa = PBXFileReference; lastKnownFileType = image.png; path = monster005.png; sourceTree = "<group>"; };
		81BCF3C62506800F00D92FC0 /* monster010.png */ = {isa = PBXFileReference; lastKnownFileType = image.png; path = monster010.png; sourceTree = "<group>"; };
		81BCF3C72506800F00D92FC0 /* monster004.png */ = {isa = PBXFileReference; lastKnownFileType = image.png; path = monster004.png; sourceTree = "<group>"; };
		81BCF3C82506800F00D92FC0 /* monster006.png */ = {isa = PBXFileReference; lastKnownFileType = image.png; path = monster006.png; sourceTree = "<group>"; };
		81BCF3C92506800F00D92FC0 /* monster007.png */ = {isa = PBXFileReference; lastKnownFileType = image.png; path = monster007.png; sourceTree = "<group>"; };
		81BCF3CA2506800F00D92FC0 /* monster003.png */ = {isa = PBXFileReference; lastKnownFileType = image.png; path = monster003.png; sourceTree = "<group>"; };
		81BCF3CB2506800F00D92FC0 /* monster002.png */ = {isa = PBXFileReference; lastKnownFileType = image.png; path = monster002.png; sourceTree = "<group>"; };
		81BCF3CC2506800F00D92FC0 /* monster001.png */ = {isa = PBXFileReference; lastKnownFileType = image.png; path = monster001.png; sourceTree = "<group>"; };
		81BCF3CD2506800F00D92FC0 /* monster009.png */ = {isa = PBXFileReference; lastKnownFileType = image.png; path = monster009.png; sourceTree = "<group>"; };
		81BCF3CE2506800F00D92FC0 /* monster008.png */ = {isa = PBXFileReference; lastKnownFileType = image.png; path = monster008.png; sourceTree = "<group>"; };
		81BCF3DD2506817F00D92FC0 /* ResultViewController.swift */ = {isa = PBXFileReference; lastKnownFileType = sourcecode.swift; path = ResultViewController.swift; sourceTree = "<group>"; };
/* End PBXFileReference section */

/* Begin PBXFrameworksBuildPhase section */
		81BCF38825046ECE00D92FC0 /* Frameworks */ = {
			isa = PBXFrameworksBuildPhase;
			buildActionMask = 2147483647;
			files = (
			);
			runOnlyForDeploymentPostprocessing = 0;
		};
		81BCF39E25046ED100D92FC0 /* Frameworks */ = {
			isa = PBXFrameworksBuildPhase;
			buildActionMask = 2147483647;
			files = (
			);
			runOnlyForDeploymentPostprocessing = 0;
		};
		81BCF3A925046ED100D92FC0 /* Frameworks */ = {
			isa = PBXFrameworksBuildPhase;
			buildActionMask = 2147483647;
			files = (
			);
			runOnlyForDeploymentPostprocessing = 0;
		};
/* End PBXFrameworksBuildPhase section */

/* Begin PBXGroup section */
		81BCF38225046ECE00D92FC0 = {
			isa = PBXGroup;
			children = (
				81BCF38D25046ECE00D92FC0 /* Gacha */,
				81BCF3A425046ED100D92FC0 /* GachaTests */,
				81BCF3AF25046ED100D92FC0 /* GachaUITests */,
				81BCF38C25046ECE00D92FC0 /* Products */,
			);
			sourceTree = "<group>";
		};
		81BCF38C25046ECE00D92FC0 /* Products */ = {
			isa = PBXGroup;
			children = (
				81BCF38B25046ECE00D92FC0 /* Gacha.app */,
				81BCF3A125046ED100D92FC0 /* GachaTests.xctest */,
				81BCF3AC25046ED100D92FC0 /* GachaUITests.xctest */,
			);
			name = Products;
			sourceTree = "<group>";
		};
		81BCF38D25046ECE00D92FC0 /* Gacha */ = {
			isa = PBXGroup;
			children = (
				81BCF38E25046ECE00D92FC0 /* AppDelegate.swift */,
				81BCF39025046ECE00D92FC0 /* SceneDelegate.swift */,
				81BCF39225046ECE00D92FC0 /* ViewController.swift */,
				81BCF39425046ECE00D92FC0 /* Main.storyboard */,
				81BCF39725046ED100D92FC0 /* Assets.xcassets */,
				81BCF3BE2506800F00D92FC0 /* GachaResources */,
				81BCF39925046ED100D92FC0 /* LaunchScreen.storyboard */,
				81BCF39C25046ED100D92FC0 /* Info.plist */,
				81BCF3DD2506817F00D92FC0 /* ResultViewController.swift */,
			);
			path = Gacha;
			sourceTree = "<group>";
		};
		81BCF3A425046ED100D92FC0 /* GachaTests */ = {
			isa = PBXGroup;
			children = (
				81BCF3A525046ED100D92FC0 /* GachaTests.swift */,
				81BCF3A725046ED100D92FC0 /* Info.plist */,
			);
			path = GachaTests;
			sourceTree = "<group>";
		};
		81BCF3AF25046ED100D92FC0 /* GachaUITests */ = {
			isa = PBXGroup;
			children = (
				81BCF3B025046ED100D92FC0 /* GachaUITests.swift */,
				81BCF3B225046ED100D92FC0 /* Info.plist */,
			);
			path = GachaUITests;
			sourceTree = "<group>";
		};
		81BCF3BE2506800F00D92FC0 /* GachaResources */ = {
			isa = PBXGroup;
			children = (
				81BCF3BF2506800F00D92FC0 /* background */,
				81BCF3C42506800F00D92FC0 /* monster */,
			);
			path = GachaResources;
			sourceTree = "<group>";
		};
		81BCF3BF2506800F00D92FC0 /* background */ = {
			isa = PBXGroup;
			children = (
				81BCF3C02506800F00D92FC0 /* bg_blue@2x.png */,
				81BCF3C12506800F00D92FC0 /* bg_gold@2x.png */,
				81BCF3C22506800F00D92FC0 /* gacha@2x.png */,
				81BCF3C32506800F00D92FC0 /* bg_red@2x.png */,
			);
			path = background;
			sourceTree = "<group>";
		};
		81BCF3C42506800F00D92FC0 /* monster */ = {
			isa = PBXGroup;
			children = (
				81BCF3C52506800F00D92FC0 /* monster005.png */,
				81BCF3C62506800F00D92FC0 /* monster010.png */,
				81BCF3C72506800F00D92FC0 /* monster004.png */,
				81BCF3C82506800F00D92FC0 /* monster006.png */,
				81BCF3C92506800F00D92FC0 /* monster007.png */,
				81BCF3CA2506800F00D92FC0 /* monster003.png */,
				81BCF3CB2506800F00D92FC0 /* monster002.png */,
				81BCF3CC2506800F00D92FC0 /* monster001.png */,
				81BCF3CD2506800F00D92FC0 /* monster009.png */,
				81BCF3CE2506800F00D92FC0 /* monster008.png */,
			);
			path = monster;
			sourceTree = "<group>";
		};
/* End PBXGroup section */

/* Begin PBXNativeTarget section */
		81BCF38A25046ECE00D92FC0 /* Gacha */ = {
			isa = PBXNativeTarget;
			buildConfigurationList = 81BCF3B525046ED100D92FC0 /* Build configuration list for PBXNativeTarget "Gacha" */;
			buildPhases = (
				81BCF38725046ECE00D92FC0 /* Sources */,
				81BCF38825046ECE00D92FC0 /* Frameworks */,
				81BCF38925046ECE00D92FC0 /* Resources */,
			);
			buildRules = (
			);
			dependencies = (
			);
			name = Gacha;
			productName = Gacha;
			productReference = 81BCF38B25046ECE00D92FC0 /* Gacha.app */;
			productType = "com.apple.product-type.application";
		};
		81BCF3A025046ED100D92FC0 /* GachaTests */ = {
			isa = PBXNativeTarget;
			buildConfigurationList = 81BCF3B825046ED100D92FC0 /* Build configuration list for PBXNativeTarget "GachaTests" */;
			buildPhases = (
				81BCF39D25046ED100D92FC0 /* Sources */,
				81BCF39E25046ED100D92FC0 /* Frameworks */,
				81BCF39F25046ED100D92FC0 /* Resources */,
			);
			buildRules = (
			);
			dependencies = (
				81BCF3A325046ED100D92FC0 /* PBXTargetDependency */,
			);
			name = GachaTests;
			productName = GachaTests;
			productReference = 81BCF3A125046ED100D92FC0 /* GachaTests.xctest */;
			productType = "com.apple.product-type.bundle.unit-test";
		};
		81BCF3AB25046ED100D92FC0 /* GachaUITests */ = {
			isa = PBXNativeTarget;
			buildConfigurationList = 81BCF3BB25046ED100D92FC0 /* Build configuration list for PBXNativeTarget "GachaUITests" */;
			buildPhases = (
				81BCF3A825046ED100D92FC0 /* Sources */,
				81BCF3A925046ED100D92FC0 /* Frameworks */,
				81BCF3AA25046ED100D92FC0 /* Resources */,
			);
			buildRules = (
			);
			dependencies = (
				81BCF3AE25046ED100D92FC0 /* PBXTargetDependency */,
			);
			name = GachaUITests;
			productName = GachaUITests;
			productReference = 81BCF3AC25046ED100D92FC0 /* GachaUITests.xctest */;
			productType = "com.apple.product-type.bundle.ui-testing";
		};
/* End PBXNativeTarget section */

/* Begin PBXProject section */
		81BCF38325046ECE00D92FC0 /* Project object */ = {
			isa = PBXProject;
			attributes = {
				LastSwiftUpdateCheck = 1170;
				LastUpgradeCheck = 1170;
				ORGANIZATIONNAME = "risako takeya";
				TargetAttributes = {
					81BCF38A25046ECE00D92FC0 = {
						CreatedOnToolsVersion = 11.7;
					};
					81BCF3A025046ED100D92FC0 = {
						CreatedOnToolsVersion = 11.7;
						TestTargetID = 81BCF38A25046ECE00D92FC0;
					};
					81BCF3AB25046ED100D92FC0 = {
						CreatedOnToolsVersion = 11.7;
						TestTargetID = 81BCF38A25046ECE00D92FC0;
					};
				};
			};
			buildConfigurationList = 81BCF38625046ECE00D92FC0 /* Build configuration list for PBXProject "Gacha" */;
			compatibilityVersion = "Xcode 9.3";
			developmentRegion = en;
			hasScannedForEncodings = 0;
			knownRegions = (
				en,
				Base,
			);
			mainGroup = 81BCF38225046ECE00D92FC0;
			productRefGroup = 81BCF38C25046ECE00D92FC0 /* Products */;
			projectDirPath = "";
			projectRoot = "";
			targets = (
				81BCF38A25046ECE00D92FC0 /* Gacha */,
				81BCF3A025046ED100D92FC0 /* GachaTests */,
				81BCF3AB25046ED100D92FC0 /* GachaUITests */,
			);
		};
/* End PBXProject section */

/* Begin PBXResourcesBuildPhase section */
		81BCF38925046ECE00D92FC0 /* Resources */ = {
			isa = PBXResourcesBuildPhase;
			buildActionMask = 2147483647;
			files = (
				81BCF3D22506800F00D92FC0 /* bg_red@2x.png in Resources */,
				81BCF39B25046ED100D92FC0 /* LaunchScreen.storyboard in Resources */,
				81BCF3DB2506800F00D92FC0 /* monster009.png in Resources */,
				81BCF3D02506800F00D92FC0 /* bg_gold@2x.png in Resources */,
				81BCF3D82506800F00D92FC0 /* monster003.png in Resources */,
				81BCF3DA2506800F00D92FC0 /* monster001.png in Resources */,
				81BCF3DC2506800F00D92FC0 /* monster008.png in Resources */,
				81BCF39825046ED100D92FC0 /* Assets.xcassets in Resources */,
				81BCF3D72506800F00D92FC0 /* monster007.png in Resources */,
				81BCF3D12506800F00D92FC0 /* gacha@2x.png in Resources */,
				81BCF3D92506800F00D92FC0 /* monster002.png in Resources */,
				81BCF39625046ECE00D92FC0 /* Main.storyboard in Resources */,
				81BCF3D42506800F00D92FC0 /* monster010.png in Resources */,
				81BCF3D62506800F00D92FC0 /* monster006.png in Resources */,
				81BCF3D32506800F00D92FC0 /* monster005.png in Resources */,
				81BCF3CF2506800F00D92FC0 /* bg_blue@2x.png in Resources */,
				81BCF3D52506800F00D92FC0 /* monster004.png in Resources */,
			);
			runOnlyForDeploymentPostprocessing = 0;
		};
		81BCF39F25046ED100D92FC0 /* Resources */ = {
			isa = PBXResourcesBuildPhase;
			buildActionMask = 2147483647;
			files = (
			);
			runOnlyForDeploymentPostprocessing = 0;
		};
		81BCF3AA25046ED100D92FC0 /* Resources */ = {
			isa = PBXResourcesBuildPhase;
			buildActionMask = 2147483647;
			files = (
			);
			runOnlyForDeploymentPostprocessing = 0;
		};
/* End PBXResourcesBuildPhase section */

/* Begin PBXSourcesBuildPhase section */
		81BCF38725046ECE00D92FC0 /* Sources */ = {
			isa = PBXSourcesBuildPhase;
			buildActionMask = 2147483647;
			files = (
				81BCF39325046ECE00D92FC0 /* ViewController.swift in Sources */,
				81BCF38F25046ECE00D92FC0 /* AppDelegate.swift in Sources */,
				81BCF39125046ECE00D92FC0 /* SceneDelegate.swift in Sources */,
				81BCF3DE2506817F00D92FC0 /* ResultViewController.swift in Sources */,
			);
			runOnlyForDeploymentPostprocessing = 0;
		};
		81BCF39D25046ED100D92FC0 /* Sources */ = {
			isa = PBXSourcesBuildPhase;
			buildActionMask = 2147483647;
			files = (
				81BCF3A625046ED100D92FC0 /* GachaTests.swift in Sources */,
			);
			runOnlyForDeploymentPostprocessing = 0;
		};
		81BCF3A825046ED100D92FC0 /* Sources */ = {
			isa = PBXSourcesBuildPhase;
			buildActionMask = 2147483647;
			files = (
				81BCF3B125046ED100D92FC0 /* GachaUITests.swift in Sources */,
			);
			runOnlyForDeploymentPostprocessing = 0;
		};
/* End PBXSourcesBuildPhase section */

/* Begin PBXTargetDependency section */
		81BCF3A325046ED100D92FC0 /* PBXTargetDependency */ = {
			isa = PBXTargetDependency;
			target = 81BCF38A25046ECE00D92FC0 /* Gacha */;
			targetProxy = 81BCF3A225046ED100D92FC0 /* PBXContainerItemProxy */;
		};
		81BCF3AE25046ED100D92FC0 /* PBXTargetDependency */ = {
			isa = PBXTargetDependency;
			target = 81BCF38A25046ECE00D92FC0 /* Gacha */;
			targetProxy = 81BCF3AD25046ED100D92FC0 /* PBXContainerItemProxy */;
		};
/* End PBXTargetDependency section */

/* Begin PBXVariantGroup section */
		81BCF39425046ECE00D92FC0 /* Main.storyboard */ = {
			isa = PBXVariantGroup;
			children = (
				81BCF39525046ECE00D92FC0 /* Base */,
			);
			name = Main.storyboard;
			sourceTree = "<group>";
		};
		81BCF39925046ED100D92FC0 /* LaunchScreen.storyboard */ = {
			isa = PBXVariantGroup;
			children = (
				81BCF39A25046ED100D92FC0 /* Base */,
			);
			name = LaunchScreen.storyboard;
			sourceTree = "<group>";
		};
/* End PBXVariantGroup section */

/* Begin XCBuildConfiguration section */
		81BCF3B325046ED100D92FC0 /* Debug */ = {
			isa = XCBuildConfiguration;
			buildSettings = {
				ALWAYS_SEARCH_USER_PATHS = NO;
				CLANG_ANALYZER_NONNULL = YES;
				CLANG_ANALYZER_NUMBER_OBJECT_CONVERSION = YES_AGGRESSIVE;
				CLANG_CXX_LANGUAGE_STANDARD = "gnu++14";
				CLANG_CXX_LIBRARY = "libc++";
				CLANG_ENABLE_MODULES = YES;
				CLANG_ENABLE_OBJC_ARC = YES;
				CLANG_ENABLE_OBJC_WEAK = YES;
				CLANG_WARN_BLOCK_CAPTURE_AUTORELEASING = YES;
				CLANG_WARN_BOOL_CONVERSION = YES;
				CLANG_WARN_COMMA = YES;
				CLANG_WARN_CONSTANT_CONVERSION = YES;
				CLANG_WARN_DEPRECATED_OBJC_IMPLEMENTATIONS = YES;
				CLANG_WARN_DIRECT_OBJC_ISA_USAGE = YES_ERROR;
				CLANG_WARN_DOCUMENTATION_COMMENTS = YES;
				CLANG_WARN_EMPTY_BODY = YES;
				CLANG_WARN_ENUM_CONVERSION = YES;
				CLANG_WARN_INFINITE_RECURSION = YES;
				CLANG_WARN_INT_CONVERSION = YES;
				CLANG_WARN_NON_LITERAL_NULL_CONVERSION = YES;
				CLANG_WARN_OBJC_IMPLICIT_RETAIN_SELF = YES;
				CLANG_WARN_OBJC_LITERAL_CONVERSION = YES;
				CLANG_WARN_OBJC_ROOT_CLASS = YES_ERROR;
				CLANG_WARN_RANGE_LOOP_ANALYSIS = YES;
				CLANG_WARN_STRICT_PROTOTYPES = YES;
				CLANG_WARN_SUSPICIOUS_MOVE = YES;
				CLANG_WARN_UNGUARDED_AVAILABILITY = YES_AGGRESSIVE;
				CLANG_WARN_UNREACHABLE_CODE = YES;
				CLANG_WARN__DUPLICATE_METHOD_MATCH = YES;
				COPY_PHASE_STRIP = NO;
				DEBUG_INFORMATION_FORMAT = dwarf;
				ENABLE_STRICT_OBJC_MSGSEND = YES;
				ENABLE_TESTABILITY = YES;
				GCC_C_LANGUAGE_STANDARD = gnu11;
				GCC_DYNAMIC_NO_PIC = NO;
				GCC_NO_COMMON_BLOCKS = YES;
				GCC_OPTIMIZATION_LEVEL = 0;
				GCC_PREPROCESSOR_DEFINITIONS = (
					"DEBUG=1",
					"$(inherited)",
				);
				GCC_WARN_64_TO_32_BIT_CONVERSION = YES;
				GCC_WARN_ABOUT_RETURN_TYPE = YES_ERROR;
				GCC_WARN_UNDECLARED_SELECTOR = YES;
				GCC_WARN_UNINITIALIZED_AUTOS = YES_AGGRESSIVE;
				GCC_WARN_UNUSED_FUNCTION = YES;
				GCC_WARN_UNUSED_VARIABLE = YES;
				IPHONEOS_DEPLOYMENT_TARGET = 13.7;
				MTL_ENABLE_DEBUG_INFO = INCLUDE_SOURCE;
				MTL_FAST_MATH = YES;
				ONLY_ACTIVE_ARCH = YES;
				SDKROOT = iphoneos;
				SWIFT_ACTIVE_COMPILATION_CONDITIONS = DEBUG;
				SWIFT_OPTIMIZATION_LEVEL = "-Onone";
			};
			name = Debug;
		};
		81BCF3B425046ED100D92FC0 /* Release */ = {
			isa = XCBuildConfiguration;
			buildSettings = {
				ALWAYS_SEARCH_USER_PATHS = NO;
				CLANG_ANALYZER_NONNULL = YES;
				CLANG_ANALYZER_NUMBER_OBJECT_CONVERSION = YES_AGGRESSIVE;
				CLANG_CXX_LANGUAGE_STANDARD = "gnu++14";
				CLANG_CXX_LIBRARY = "libc++";
				CLANG_ENABLE_MODULES = YES;
				CLANG_ENABLE_OBJC_ARC = YES;
				CLANG_ENABLE_OBJC_WEAK = YES;
				CLANG_WARN_BLOCK_CAPTURE_AUTORELEASING = YES;
				CLANG_WARN_BOOL_CONVERSION = YES;
				CLANG_WARN_COMMA = YES;
				CLANG_WARN_CONSTANT_CONVERSION = YES;
				CLANG_WARN_DEPRECATED_OBJC_IMPLEMENTATIONS = YES;
				CLANG_WARN_DIRECT_OBJC_ISA_USAGE = YES_ERROR;
				CLANG_WARN_DOCUMENTATION_COMMENTS = YES;
				CLANG_WARN_EMPTY_BODY = YES;
				CLANG_WARN_ENUM_CONVERSION = YES;
				CLANG_WARN_INFINITE_RECURSION = YES;
				CLANG_WARN_INT_CONVERSION = YES;
				CLANG_WARN_NON_LITERAL_NULL_CONVERSION = YES;
				CLANG_WARN_OBJC_IMPLICIT_RETAIN_SELF = YES;
				CLANG_WARN_OBJC_LITERAL_CONVERSION = YES;
				CLANG_WARN_OBJC_ROOT_CLASS = YES_ERROR;
				CLANG_WARN_RANGE_LOOP_ANALYSIS = YES;
				CLANG_WARN_STRICT_PROTOTYPES = YES;
				CLANG_WARN_SUSPICIOUS_MOVE = YES;
				CLANG_WARN_UNGUARDED_AVAILABILITY = YES_AGGRESSIVE;
				CLANG_WARN_UNREACHABLE_CODE = YES;
				CLANG_WARN__DUPLICATE_METHOD_MATCH = YES;
				COPY_PHASE_STRIP = NO;
				DEBUG_INFORMATION_FORMAT = "dwarf-with-dsym";
				ENABLE_NS_ASSERTIONS = NO;
				ENABLE_STRICT_OBJC_MSGSEND = YES;
				GCC_C_LANGUAGE_STANDARD = gnu11;
				GCC_NO_COMMON_BLOCKS = YES;
				GCC_WARN_64_TO_32_BIT_CONVERSION = YES;
				GCC_WARN_ABOUT_RETURN_TYPE = YES_ERROR;
				GCC_WARN_UNDECLARED_SELECTOR = YES;
				GCC_WARN_UNINITIALIZED_AUTOS = YES_AGGRESSIVE;
				GCC_WARN_UNUSED_FUNCTION = YES;
				GCC_WARN_UNUSED_VARIABLE = YES;
				IPHONEOS_DEPLOYMENT_TARGET = 13.7;
				MTL_ENABLE_DEBUG_INFO = NO;
				MTL_FAST_MATH = YES;
				SDKROOT = iphoneos;
				SWIFT_COMPILATION_MODE = wholemodule;
				SWIFT_OPTIMIZATION_LEVEL = "-O";
				VALIDATE_PRODUCT = YES;
			};
			name = Release;
		};
		81BCF3B625046ED100D92FC0 /* Debug */ = {
			isa = XCBuildConfiguration;
			buildSettings = {
				ASSETCATALOG_COMPILER_APPICON_NAME = AppIcon;
				CODE_SIGN_STYLE = Automatic;
				INFOPLIST_FILE = Gacha/Info.plist;
				LD_RUNPATH_SEARCH_PATHS = (
					"$(inherited)",
					"@executable_path/Frameworks",
				);
				PRODUCT_BUNDLE_IDENTIFIER = aw.Gacha;
				PRODUCT_NAME = "$(TARGET_NAME)";
				SWIFT_VERSION = 5.0;
				TARGETED_DEVICE_FAMILY = "1,2";
			};
			name = Debug;
		};
		81BCF3B725046ED100D92FC0 /* Release */ = {
			isa = XCBuildConfiguration;
			buildSettings = {
				ASSETCATALOG_COMPILER_APPICON_NAME = AppIcon;
				CODE_SIGN_STYLE = Automatic;
				INFOPLIST_FILE = Gacha/Info.plist;
				LD_RUNPATH_SEARCH_PATHS = (
					"$(inherited)",
					"@executable_path/Frameworks",
				);
				PRODUCT_BUNDLE_IDENTIFIER = aw.Gacha;
				PRODUCT_NAME = "$(TARGET_NAME)";
				SWIFT_VERSION = 5.0;
				TARGETED_DEVICE_FAMILY = "1,2";
			};
			name = Release;
		};
		81BCF3B925046ED100D92FC0 /* Debug */ = {
			isa = XCBuildConfiguration;
			buildSettings = {
				ALWAYS_EMBED_SWIFT_STANDARD_LIBRARIES = YES;
				BUNDLE_LOADER = "$(TEST_HOST)";
				CODE_SIGN_STYLE = Automatic;
				INFOPLIST_FILE = GachaTests/Info.plist;
				IPHONEOS_DEPLOYMENT_TARGET = 13.7;
				LD_RUNPATH_SEARCH_PATHS = (
					"$(inherited)",
					"@executable_path/Frameworks",
					"@loader_path/Frameworks",
				);
				PRODUCT_BUNDLE_IDENTIFIER = aw.GachaTests;
				PRODUCT_NAME = "$(TARGET_NAME)";
				SWIFT_VERSION = 5.0;
				TARGETED_DEVICE_FAMILY = "1,2";
				TEST_HOST = "$(BUILT_PRODUCTS_DIR)/Gacha.app/Gacha";
			};
			name = Debug;
		};
		81BCF3BA25046ED100D92FC0 /* Release */ = {
			isa = XCBuildConfiguration;
			buildSettings = {
				ALWAYS_EMBED_SWIFT_STANDARD_LIBRARIES = YES;
				BUNDLE_LOADER = "$(TEST_HOST)";
				CODE_SIGN_STYLE = Automatic;
				INFOPLIST_FILE = GachaTests/Info.plist;
				IPHONEOS_DEPLOYMENT_TARGET = 13.7;
				LD_RUNPATH_SEARCH_PATHS = (
					"$(inherited)",
					"@executable_path/Frameworks",
					"@loader_path/Frameworks",
				);
				PRODUCT_BUNDLE_IDENTIFIER = aw.GachaTests;
				PRODUCT_NAME = "$(TARGET_NAME)";
				SWIFT_VERSION = 5.0;
				TARGETED_DEVICE_FAMILY = "1,2";
				TEST_HOST = "$(BUILT_PRODUCTS_DIR)/Gacha.app/Gacha";
			};
			name = Release;
		};
		81BCF3BC25046ED100D92FC0 /* Debug */ = {
			isa = XCBuildConfiguration;
			buildSettings = {
				ALWAYS_EMBED_SWIFT_STANDARD_LIBRARIES = YES;
				CODE_SIGN_STYLE = Automatic;
				INFOPLIST_FILE = GachaUITests/Info.plist;
				LD_RUNPATH_SEARCH_PATHS = (
					"$(inherited)",
					"@executable_path/Frameworks",
					"@loader_path/Frameworks",
				);
				PRODUCT_BUNDLE_IDENTIFIER = aw.GachaUITests;
				PRODUCT_NAME = "$(TARGET_NAME)";
				SWIFT_VERSION = 5.0;
				TARGETED_DEVICE_FAMILY = "1,2";
				TEST_TARGET_NAME = Gacha;
			};
			name = Debug;
		};
		81BCF3BD25046ED100D92FC0 /* Release */ = {
			isa = XCBuildConfiguration;
			buildSettings = {
				ALWAYS_EMBED_SWIFT_STANDARD_LIBRARIES = YES;
				CODE_SIGN_STYLE = Automatic;
				INFOPLIST_FILE = GachaUITests/Info.plist;
				LD_RUNPATH_SEARCH_PATHS = (
					"$(inherited)",
					"@executable_path/Frameworks",
					"@loader_path/Frameworks",
				);
				PRODUCT_BUNDLE_IDENTIFIER = aw.GachaUITests;
				PRODUCT_NAME = "$(TARGET_NAME)";
				SWIFT_VERSION = 5.0;
				TARGETED_DEVICE_FAMILY = "1,2";
				TEST_TARGET_NAME = Gacha;
			};
			name = Release;
		};
/* End XCBuildConfiguration section */

/* Begin XCConfigurationList section */
		81BCF38625046ECE00D92FC0 /* Build configuration list for PBXProject "Gacha" */ = {
			isa = XCConfigurationList;
			buildConfigurations = (
				81BCF3B325046ED100D92FC0 /* Debug */,
				81BCF3B425046ED100D92FC0 /* Release */,
			);
			defaultConfigurationIsVisible = 0;
			defaultConfigurationName = Release;
		};
		81BCF3B525046ED100D92FC0 /* Build configuration list for PBXNativeTarget "Gacha" */ = {
			isa = XCConfigurationList;
			buildConfigurations = (
				81BCF3B625046ED100D92FC0 /* Debug */,
				81BCF3B725046ED100D92FC0 /* Release */,
			);
			defaultConfigurationIsVisible = 0;
			defaultConfigurationName = Release;
		};
		81BCF3B825046ED100D92FC0 /* Build configuration list for PBXNativeTarget "GachaTests" */ = {
			isa = XCConfigurationList;
			buildConfigurations = (
				81BCF3B925046ED100D92FC0 /* Debug */,
				81BCF3BA25046ED100D92FC0 /* Release */,
			);
			defaultConfigurationIsVisible = 0;
			defaultConfigurationName = Release;
		};
		81BCF3BB25046ED100D92FC0 /* Build configuration list for PBXNativeTarget "GachaUITests" */ = {
			isa = XCConfigurationList;
			buildConfigurations = (
				81BCF3BC25046ED100D92FC0 /* Debug */,
				81BCF3BD25046ED100D92FC0 /* Release */,
			);
			defaultConfigurationIsVisible = 0;
			defaultConfigurationName = Release;
		};
/* End XCConfigurationList section */
	};
	rootObject = 81BCF38325046ECE00D92FC0 /* Project object */;
}
